
Microsoft Visual Studio Solution File, Format Version 12.00
# Visual Studio Version 17
VisualStudioVersion = 17.8.34309.116
MinimumVisualStudioVersion = 10.0.40219.1
Project("{FAE04EC0-301F-11D3-BF4B-00C04F79EFBC}") = "GestionDesSoutenaces", "GestionDesSoutenaces.csproj", "{5759BC01-D20C-4141-A714-8FA46977B140}"
EndProject
Global
	GlobalSection(SolutionConfigurationPlatforms) = preSolution
		Debug|Any CPU = Debug|Any CPU
		Release|Any CPU = Release|Any CPU
	EndGlobalSection
	GlobalSection(ProjectConfigurationPlatforms) = postSolution
		{5759BC01-D20C-4141-A714-8FA46977B140}.Debug|Any CPU.ActiveCfg = Debug|Any CPU
		{5759BC01-D20C-4141-A714-8FA46977B140}.Debug|Any CPU.Build.0 = Debug|Any CPU
		{5759BC01-D20C-4141-A714-8FA46977B140}.Release|Any CPU.ActiveCfg = Release|Any CPU
		{5759BC01-D20C-4141-A714-8FA46977B140}.Release|Any CPU.Build.0 = Release|Any CPU
	EndGlobalSection
	GlobalSection(SolutionProperties) = preSolution
		HideSolutionNode = FALSE
	EndGlobalSection
	GlobalSection(ExtensibilityGlobals) = postSolution
		SolutionGuid = {39A15844-211E-4638-A7AC-FB622550F136}
	EndGlobalSection
EndGlobal
